
Microsoft Visual Studio Solution File, Format Version 12.00
# Visual Studio Version 16
VisualStudioVersion = 16.0.32002.261
MinimumVisualStudioVersion = 10.0.40219.1
Project("{9A19103F-16F7-4668-BE54-9A1E7A4F7556}") = "ImageToTextConverter", "ImageToTextConverter\ImageToTextConverter.csproj", "{6B32A117-002C-4F74-BBD9-74362A4A67FF}"
EndProject
Project("{9A19103F-16F7-4668-BE54-9A1E7A4F7556}") = "Sandbox", "Sandbox\Sandbox.csproj", "{A9CA6931-CC05-4A88-BE08-1D00C1E432D7}"
EndProject
Project("{9A19103F-16F7-4668-BE54-9A1E7A4F7556}") = "ImageToTextConverter.Lib", "ImageToTextConverter.Lib\ImageToTextConverter.Lib.csproj", "{3905A021-914C-445F-B215-59F6283F7C03}"
EndProject
Global
	GlobalSection(SolutionConfigurationPlatforms) = preSolution
		Debug|Any CPU = Debug|Any CPU
		Release|Any CPU = Release|Any CPU
	EndGlobalSection
	GlobalSection(ProjectConfigurationPlatforms) = postSolution
		{6B32A117-002C-4F74-BBD9-74362A4A67FF}.Debug|Any CPU.ActiveCfg = Debug|Any CPU
		{6B32A117-002C-4F74-BBD9-74362A4A67FF}.Debug|Any CPU.Build.0 = Debug|Any CPU
		{6B32A117-002C-4F74-BBD9-74362A4A67FF}.Release|Any CPU.ActiveCfg = Release|Any CPU
		{6B32A117-002C-4F74-BBD9-74362A4A67FF}.Release|Any CPU.Build.0 = Release|Any CPU
		{A9CA6931-CC05-4A88-BE08-1D00C1E432D7}.Debug|Any CPU.ActiveCfg = Debug|Any CPU
		{A9CA6931-CC05-4A88-BE08-1D00C1E432D7}.Debug|Any CPU.Build.0 = Debug|Any CPU
		{A9CA6931-CC05-4A88-BE08-1D00C1E432D7}.Release|Any CPU.ActiveCfg = Release|Any CPU
		{A9CA6931-CC05-4A88-BE08-1D00C1E432D7}.Release|Any CPU.Build.0 = Release|Any CPU
		{3905A021-914C-445F-B215-59F6283F7C03}.Debug|Any CPU.ActiveCfg = Debug|Any CPU
		{3905A021-914C-445F-B215-59F6283F7C03}.Debug|Any CPU.Build.0 = Debug|Any CPU
		{3905A021-914C-445F-B215-59F6283F7C03}.Release|Any CPU.ActiveCfg = Release|Any CPU
		{3905A021-914C-445F-B215-59F6283F7C03}.Release|Any CPU.Build.0 = Release|Any CPU
	EndGlobalSection
	GlobalSection(SolutionProperties) = preSolution
		HideSolutionNode = FALSE
	EndGlobalSection
	GlobalSection(ExtensibilityGlobals) = postSolution
		SolutionGuid = {F5A667EE-6E6F-49BE-96EE-6170345C3F1C}
	EndGlobalSection
EndGlobal
