
Microsoft Visual Studio Solution File, Format Version 12.00
# Visual Studio Version 17
VisualStudioVersion = 17.7.34221.43
MinimumVisualStudioVersion = 10.0.40219.1
Project("{9A19103F-16F7-4668-BE54-9A1E7A4F7556}") = "StringImage.Lib", "ImageToTextConverter.Lib\StringImage.Lib.csproj", "{3905A021-914C-445F-B215-59F6283F7C03}"
EndProject
Project("{FAE04EC0-301F-11D3-BF4B-00C04F79EFBC}") = "Sandbox", "Sandbox\Sandbox.csproj", "{FC604D2B-A860-4E56-8B86-12600AAA3ECE}"
EndProject
Global
	GlobalSection(SolutionConfigurationPlatforms) = preSolution
		Debug|Any CPU = Debug|Any CPU
		Release|Any CPU = Release|Any CPU
	EndGlobalSection
	GlobalSection(ProjectConfigurationPlatforms) = postSolution
		{3905A021-914C-445F-B215-59F6283F7C03}.Debug|Any CPU.ActiveCfg = Debug|Any CPU
		{3905A021-914C-445F-B215-59F6283F7C03}.Debug|Any CPU.Build.0 = Debug|Any CPU
		{3905A021-914C-445F-B215-59F6283F7C03}.Release|Any CPU.ActiveCfg = Release|Any CPU
		{3905A021-914C-445F-B215-59F6283F7C03}.Release|Any CPU.Build.0 = Release|Any CPU
		{FC604D2B-A860-4E56-8B86-12600AAA3ECE}.Debug|Any CPU.ActiveCfg = Debug|Any CPU
		{FC604D2B-A860-4E56-8B86-12600AAA3ECE}.Debug|Any CPU.Build.0 = Debug|Any CPU
		{FC604D2B-A860-4E56-8B86-12600AAA3ECE}.Release|Any CPU.ActiveCfg = Release|Any CPU
		{FC604D2B-A860-4E56-8B86-12600AAA3ECE}.Release|Any CPU.Build.0 = Release|Any CPU
	EndGlobalSection
	GlobalSection(SolutionProperties) = preSolution
		HideSolutionNode = FALSE
	EndGlobalSection
	GlobalSection(ExtensibilityGlobals) = postSolution
		SolutionGuid = {F5A667EE-6E6F-49BE-96EE-6170345C3F1C}
	EndGlobalSection
EndGlobal
